
Microsoft Visual Studio Solution File, Format Version 12.00
# Visual Studio Version 17
VisualStudioVersion = 17.7.34031.279
MinimumVisualStudioVersion = 10.0.40219.1
Project("{9A19103F-16F7-4668-BE54-9A1E7A4F7556}") = "OpenAPI", "OpenAPI\OpenAPI.csproj", "{72729173-026C-40D2-B3D2-7101DE049E6A}"
EndProject
Project("{9A19103F-16F7-4668-BE54-9A1E7A4F7556}") = "DAL", "DAL\DAL.csproj", "{81935DC7-06E2-4974-AE24-FE1DF9C19436}"
EndProject
Project("{E53339B2-1760-4266-BCC7-CA923CBCF16C}") = "docker-compose", "docker-compose.dcproj", "{768C8D3F-1DA8-4C71-8202-1210B31A7FA4}"
EndProject
Project("{2150E333-8FDC-42A3-9474-1A3956D46DE8}") = "Scripts", "Scripts", "{89A99E1B-8AC3-4D1C-B630-782D2966BEED}"
	ProjectSection(SolutionItems) = preProject
		AddMigration.txt = AddMigration.txt
	EndProjectSection
EndProject
Project("{9A19103F-16F7-4668-BE54-9A1E7A4F7556}") = "Services", "Services\Services.csproj", "{180A2C25-C5B8-4338-A751-CCC7961A0858}"
EndProject
Project("{2150E333-8FDC-42A3-9474-1A3956D46DE8}") = "Solution Items", "Solution Items", "{778EEA8B-D3D9-4080-8CE0-026DCAF05588}"
	ProjectSection(SolutionItems) = preProject
		prometheus.yaml = prometheus.yaml
	EndProjectSection
EndProject
Project("{FAE04EC0-301F-11D3-BF4B-00C04F79EFBC}") = "ConfigurationAPI", "ConfigurationAPI\ConfigurationAPI.csproj", "{DA21A072-E03D-495D-83F3-628921EE4F82}"
EndProject
Global
	GlobalSection(SolutionConfigurationPlatforms) = preSolution
		Debug|Any CPU = Debug|Any CPU
		Release|Any CPU = Release|Any CPU
	EndGlobalSection
	GlobalSection(ProjectConfigurationPlatforms) = postSolution
		{72729173-026C-40D2-B3D2-7101DE049E6A}.Debug|Any CPU.ActiveCfg = Debug|Any CPU
		{72729173-026C-40D2-B3D2-7101DE049E6A}.Debug|Any CPU.Build.0 = Debug|Any CPU
		{72729173-026C-40D2-B3D2-7101DE049E6A}.Release|Any CPU.ActiveCfg = Release|Any CPU
		{72729173-026C-40D2-B3D2-7101DE049E6A}.Release|Any CPU.Build.0 = Release|Any CPU
		{81935DC7-06E2-4974-AE24-FE1DF9C19436}.Debug|Any CPU.ActiveCfg = Debug|Any CPU
		{81935DC7-06E2-4974-AE24-FE1DF9C19436}.Debug|Any CPU.Build.0 = Debug|Any CPU
		{81935DC7-06E2-4974-AE24-FE1DF9C19436}.Release|Any CPU.ActiveCfg = Release|Any CPU
		{81935DC7-06E2-4974-AE24-FE1DF9C19436}.Release|Any CPU.Build.0 = Release|Any CPU
		{768C8D3F-1DA8-4C71-8202-1210B31A7FA4}.Debug|Any CPU.ActiveCfg = Debug|Any CPU
		{768C8D3F-1DA8-4C71-8202-1210B31A7FA4}.Debug|Any CPU.Build.0 = Debug|Any CPU
		{768C8D3F-1DA8-4C71-8202-1210B31A7FA4}.Release|Any CPU.ActiveCfg = Release|Any CPU
		{768C8D3F-1DA8-4C71-8202-1210B31A7FA4}.Release|Any CPU.Build.0 = Release|Any CPU
		{180A2C25-C5B8-4338-A751-CCC7961A0858}.Debug|Any CPU.ActiveCfg = Debug|Any CPU
		{180A2C25-C5B8-4338-A751-CCC7961A0858}.Debug|Any CPU.Build.0 = Debug|Any CPU
		{180A2C25-C5B8-4338-A751-CCC7961A0858}.Release|Any CPU.ActiveCfg = Release|Any CPU
		{180A2C25-C5B8-4338-A751-CCC7961A0858}.Release|Any CPU.Build.0 = Release|Any CPU
		{DA21A072-E03D-495D-83F3-628921EE4F82}.Debug|Any CPU.ActiveCfg = Debug|Any CPU
		{DA21A072-E03D-495D-83F3-628921EE4F82}.Debug|Any CPU.Build.0 = Debug|Any CPU
		{DA21A072-E03D-495D-83F3-628921EE4F82}.Release|Any CPU.ActiveCfg = Release|Any CPU
		{DA21A072-E03D-495D-83F3-628921EE4F82}.Release|Any CPU.Build.0 = Release|Any CPU
	EndGlobalSection
	GlobalSection(SolutionProperties) = preSolution
		HideSolutionNode = FALSE
	EndGlobalSection
	GlobalSection(ExtensibilityGlobals) = postSolution
		SolutionGuid = {31760C11-C76F-40E0-8152-B44D0AE3FE70}
	EndGlobalSection
EndGlobal
